
Microsoft Visual Studio Solution File, Format Version 12.00
# Visual Studio 2013
VisualStudioVersion = 12.0.31101.0
MinimumVisualStudioVersion = 10.0.40219.1
Project("{FAE04EC0-301F-11D3-BF4B-00C04F79EFBC}") = "Chapter_2", "Project1\Chapter_2.csproj", "{6BE20CF5-D3A8-4206-9E30-15E4382D37C2}"
EndProject
Project("{FAE04EC0-301F-11D3-BF4B-00C04F79EFBC}") = "Chapter_3", "Chapter_3\Chapter_3.csproj", "{ECD2E6C9-4F52-4FF2-A36D-D7FC3726E62A}"
EndProject
Project("{FAE04EC0-301F-11D3-BF4B-00C04F79EFBC}") = "Chapter_4", "Chapter_4\Chapter_4.csproj", "{5B6B00E0-61FB-4A4D-BF59-3D360B7BEC52}"
EndProject
Project("{FAE04EC0-301F-11D3-BF4B-00C04F79EFBC}") = "Chapter_5", "Chapter_5\Chapter_5.csproj", "{EDDB8374-71F4-43DA-A795-DB780149DC39}"
EndProject
Project("{FAE04EC0-301F-11D3-BF4B-00C04F79EFBC}") = "Chapter_6", "Chapter_6\Chapter_6.csproj", "{02A2C03A-8DD8-40B4-B7F0-F285CB0DDBF4}"
EndProject
Project("{FAE04EC0-301F-11D3-BF4B-00C04F79EFBC}") = "Chapter_7", "Chapter_7\Chapter_7.csproj", "{DE3CCFDB-C0D0-4D0D-B4C9-5130B125CF75}"
EndProject
Project("{FAE04EC0-301F-11D3-BF4B-00C04F79EFBC}") = "Chapter_8", "Chapter_8\Chapter_8.csproj", "{341FF5BB-1844-4D93-A644-DC0C013826FF}"
EndProject
Project("{FAE04EC0-301F-11D3-BF4B-00C04F79EFBC}") = "Chapter_9", "Chapter_9\Chapter_9.csproj", "{5487D73D-9E94-4FCB-B53A-13E88E525764}"
EndProject
Project("{FAE04EC0-301F-11D3-BF4B-00C04F79EFBC}") = "Chapter_10", "Chapter_10\Chapter_10.csproj", "{7B692506-49C5-403D-BC7F-DD6D25F31772}"
EndProject
Project("{FAE04EC0-301F-11D3-BF4B-00C04F79EFBC}") = "Chapter_11", "Chapter_11\Chapter_11.csproj", "{001BEF47-3E2B-413E-A727-87498334E868}"
EndProject
Project("{FAE04EC0-301F-11D3-BF4B-00C04F79EFBC}") = "Chapter_12", "Chapter_12\Chapter_12.csproj", "{4C05584F-8784-4E31-8A9F-B0715154ABD0}"
EndProject
Project("{FAE04EC0-301F-11D3-BF4B-00C04F79EFBC}") = "Chapter_13", "Chapter_13\Chapter_13.csproj", "{FD1D001D-E32E-4D1B-9A54-190562908C0A}"
EndProject
Global
	GlobalSection(SolutionConfigurationPlatforms) = preSolution
		Debug|Any CPU = Debug|Any CPU
		Release|Any CPU = Release|Any CPU
	EndGlobalSection
	GlobalSection(ProjectConfigurationPlatforms) = postSolution
		{6BE20CF5-D3A8-4206-9E30-15E4382D37C2}.Debug|Any CPU.ActiveCfg = Debug|Any CPU
		{6BE20CF5-D3A8-4206-9E30-15E4382D37C2}.Debug|Any CPU.Build.0 = Debug|Any CPU
		{6BE20CF5-D3A8-4206-9E30-15E4382D37C2}.Release|Any CPU.ActiveCfg = Release|Any CPU
		{6BE20CF5-D3A8-4206-9E30-15E4382D37C2}.Release|Any CPU.Build.0 = Release|Any CPU
		{ECD2E6C9-4F52-4FF2-A36D-D7FC3726E62A}.Debug|Any CPU.ActiveCfg = Debug|Any CPU
		{ECD2E6C9-4F52-4FF2-A36D-D7FC3726E62A}.Debug|Any CPU.Build.0 = Debug|Any CPU
		{ECD2E6C9-4F52-4FF2-A36D-D7FC3726E62A}.Release|Any CPU.ActiveCfg = Release|Any CPU
		{ECD2E6C9-4F52-4FF2-A36D-D7FC3726E62A}.Release|Any CPU.Build.0 = Release|Any CPU
		{5B6B00E0-61FB-4A4D-BF59-3D360B7BEC52}.Debug|Any CPU.ActiveCfg = Debug|Any CPU
		{5B6B00E0-61FB-4A4D-BF59-3D360B7BEC52}.Debug|Any CPU.Build.0 = Debug|Any CPU
		{5B6B00E0-61FB-4A4D-BF59-3D360B7BEC52}.Release|Any CPU.ActiveCfg = Release|Any CPU
		{5B6B00E0-61FB-4A4D-BF59-3D360B7BEC52}.Release|Any CPU.Build.0 = Release|Any CPU
		{EDDB8374-71F4-43DA-A795-DB780149DC39}.Debug|Any CPU.ActiveCfg = Debug|Any CPU
		{EDDB8374-71F4-43DA-A795-DB780149DC39}.Debug|Any CPU.Build.0 = Debug|Any CPU
		{EDDB8374-71F4-43DA-A795-DB780149DC39}.Release|Any CPU.ActiveCfg = Release|Any CPU
		{EDDB8374-71F4-43DA-A795-DB780149DC39}.Release|Any CPU.Build.0 = Release|Any CPU
		{02A2C03A-8DD8-40B4-B7F0-F285CB0DDBF4}.Debug|Any CPU.ActiveCfg = Debug|Any CPU
		{02A2C03A-8DD8-40B4-B7F0-F285CB0DDBF4}.Debug|Any CPU.Build.0 = Debug|Any CPU
		{02A2C03A-8DD8-40B4-B7F0-F285CB0DDBF4}.Release|Any CPU.ActiveCfg = Release|Any CPU
		{02A2C03A-8DD8-40B4-B7F0-F285CB0DDBF4}.Release|Any CPU.Build.0 = Release|Any CPU
		{DE3CCFDB-C0D0-4D0D-B4C9-5130B125CF75}.Debug|Any CPU.ActiveCfg = Debug|Any CPU
		{DE3CCFDB-C0D0-4D0D-B4C9-5130B125CF75}.Debug|Any CPU.Build.0 = Debug|Any CPU
		{DE3CCFDB-C0D0-4D0D-B4C9-5130B125CF75}.Release|Any CPU.ActiveCfg = Release|Any CPU
		{DE3CCFDB-C0D0-4D0D-B4C9-5130B125CF75}.Release|Any CPU.Build.0 = Release|Any CPU
		{341FF5BB-1844-4D93-A644-DC0C013826FF}.Debug|Any CPU.ActiveCfg = Debug|Any CPU
		{341FF5BB-1844-4D93-A644-DC0C013826FF}.Debug|Any CPU.Build.0 = Debug|Any CPU
		{341FF5BB-1844-4D93-A644-DC0C013826FF}.Release|Any CPU.ActiveCfg = Release|Any CPU
		{341FF5BB-1844-4D93-A644-DC0C013826FF}.Release|Any CPU.Build.0 = Release|Any CPU
		{5487D73D-9E94-4FCB-B53A-13E88E525764}.Debug|Any CPU.ActiveCfg = Debug|Any CPU
		{5487D73D-9E94-4FCB-B53A-13E88E525764}.Debug|Any CPU.Build.0 = Debug|Any CPU
		{5487D73D-9E94-4FCB-B53A-13E88E525764}.Release|Any CPU.ActiveCfg = Release|Any CPU
		{5487D73D-9E94-4FCB-B53A-13E88E525764}.Release|Any CPU.Build.0 = Release|Any CPU
		{7B692506-49C5-403D-BC7F-DD6D25F31772}.Debug|Any CPU.ActiveCfg = Debug|Any CPU
		{7B692506-49C5-403D-BC7F-DD6D25F31772}.Debug|Any CPU.Build.0 = Debug|Any CPU
		{7B692506-49C5-403D-BC7F-DD6D25F31772}.Release|Any CPU.ActiveCfg = Release|Any CPU
		{7B692506-49C5-403D-BC7F-DD6D25F31772}.Release|Any CPU.Build.0 = Release|Any CPU
		{001BEF47-3E2B-413E-A727-87498334E868}.Debug|Any CPU.ActiveCfg = Debug|Any CPU
		{001BEF47-3E2B-413E-A727-87498334E868}.Debug|Any CPU.Build.0 = Debug|Any CPU
		{001BEF47-3E2B-413E-A727-87498334E868}.Release|Any CPU.ActiveCfg = Release|Any CPU
		{001BEF47-3E2B-413E-A727-87498334E868}.Release|Any CPU.Build.0 = Release|Any CPU
		{4C05584F-8784-4E31-8A9F-B0715154ABD0}.Debug|Any CPU.ActiveCfg = Debug|Any CPU
		{4C05584F-8784-4E31-8A9F-B0715154ABD0}.Debug|Any CPU.Build.0 = Debug|Any CPU
		{4C05584F-8784-4E31-8A9F-B0715154ABD0}.Release|Any CPU.ActiveCfg = Release|Any CPU
		{4C05584F-8784-4E31-8A9F-B0715154ABD0}.Release|Any CPU.Build.0 = Release|Any CPU
		{FD1D001D-E32E-4D1B-9A54-190562908C0A}.Debug|Any CPU.ActiveCfg = Debug|Any CPU
		{FD1D001D-E32E-4D1B-9A54-190562908C0A}.Debug|Any CPU.Build.0 = Debug|Any CPU
		{FD1D001D-E32E-4D1B-9A54-190562908C0A}.Release|Any CPU.ActiveCfg = Release|Any CPU
		{FD1D001D-E32E-4D1B-9A54-190562908C0A}.Release|Any CPU.Build.0 = Release|Any CPU
	EndGlobalSection
	GlobalSection(SolutionProperties) = preSolution
		HideSolutionNode = FALSE
	EndGlobalSection
EndGlobal
